langcode: en
status: true
dependencies:
  module:
    - block_field
    - paragraphs
id: paragraph.kan_field_block
field_name: kan_field_block
entity_type: paragraph
type: kan_block_field
settings: {  }
module: block_field
locked: false
cardinality: 1
translatable: true
indexes: {  }
persist_with_no_fields: false
custom_storage: false
